// !$*UTF8*$!
{
	archiveVersion = 1;
	classes = {
	};
	objectVersion = 55;
	objects = {

/* Begin PBXBuildFile section */
		101D24AA28F8133600B62A89 /* DetailPresenter.swift in Sources */ = {isa = PBXBuildFile; fileRef = 101D24A928F8133600B62A89 /* DetailPresenter.swift */; };
		101D24AC28F819E500B62A89 /* PickerViewData.swift in Sources */ = {isa = PBXBuildFile; fileRef = 101D24AB28F819E500B62A89 /* PickerViewData.swift */; };
		101D24AE28F81A0300B62A89 /* SongService.swift in Sources */ = {isa = PBXBuildFile; fileRef = 101D24AD28F81A0300B62A89 /* SongService.swift */; };
		101D24B028F81A2C00B62A89 /* CategorySong.swift in Sources */ = {isa = PBXBuildFile; fileRef = 101D24AF28F81A2C00B62A89 /* CategorySong.swift */; };
		10B63E7528F746D4000A178D /* TableViewPresenter.swift in Sources */ = {isa = PBXBuildFile; fileRef = 10B63E7428F746D4000A178D /* TableViewPresenter.swift */; };
		2D86B3B994A8FAC0DF57A14E /* Pods_SongsTable.framework in Frameworks */ = {isa = PBXBuildFile; fileRef = 3152F95119695E67CF4B8F71 /* Pods_SongsTable.framework */; };
		333116EB28F871B300CC415A /* AddViewController.swift in Sources */ = {isa = PBXBuildFile; fileRef = 333116EA28F871B300CC415A /* AddViewController.swift */; };
		333116ED28F8846000CC415A /* AddSongPresenter.swift in Sources */ = {isa = PBXBuildFile; fileRef = 333116EC28F8846000CC415A /* AddSongPresenter.swift */; };
		3386631128F09EAD0001E041 /* DetailViewController.swift in Sources */ = {isa = PBXBuildFile; fileRef = 3386631028F09EAD0001E041 /* DetailViewController.swift */; };
		33AAAFB828EF3AD400B3E883 /* AppDelegate.swift in Sources */ = {isa = PBXBuildFile; fileRef = 33AAAFB728EF3AD400B3E883 /* AppDelegate.swift */; };
		33AAAFBA28EF3AD400B3E883 /* SceneDelegate.swift in Sources */ = {isa = PBXBuildFile; fileRef = 33AAAFB928EF3AD400B3E883 /* SceneDelegate.swift */; };
		33AAAFBF28EF3AD400B3E883 /* Main.storyboard in Resources */ = {isa = PBXBuildFile; fileRef = 33AAAFBD28EF3AD400B3E883 /* Main.storyboard */; };
		33AAAFC128EF3AD600B3E883 /* Assets.xcassets in Resources */ = {isa = PBXBuildFile; fileRef = 33AAAFC028EF3AD600B3E883 /* Assets.xcassets */; };
		33AAAFC428EF3AD600B3E883 /* LaunchScreen.storyboard in Resources */ = {isa = PBXBuildFile; fileRef = 33AAAFC228EF3AD600B3E883 /* LaunchScreen.storyboard */; };
		33AAAFD428EF422200B3E883 /* SongCell.swift in Sources */ = {isa = PBXBuildFile; fileRef = 33AAAFD328EF422200B3E883 /* SongCell.swift */; };
		33AAAFD828EF424600B3E883 /* Song.swift in Sources */ = {isa = PBXBuildFile; fileRef = 33AAAFD728EF424600B3E883 /* Song.swift */; };
		33AAAFDA28EF43D700B3E883 /* SongTableViewController.swift in Sources */ = {isa = PBXBuildFile; fileRef = 33AAAFD928EF43D700B3E883 /* SongTableViewController.swift */; };
/* End PBXBuildFile section */

/* Begin PBXFileReference section */
		101D24A928F8133600B62A89 /* DetailPresenter.swift */ = {isa = PBXFileReference; lastKnownFileType = sourcecode.swift; path = DetailPresenter.swift; sourceTree = "<group>"; };
		101D24AB28F819E500B62A89 /* PickerViewData.swift */ = {isa = PBXFileReference; lastKnownFileType = sourcecode.swift; path = PickerViewData.swift; sourceTree = "<group>"; };
		101D24AD28F81A0300B62A89 /* SongService.swift */ = {isa = PBXFileReference; lastKnownFileType = sourcecode.swift; path = SongService.swift; sourceTree = "<group>"; };
		101D24AF28F81A2C00B62A89 /* CategorySong.swift */ = {isa = PBXFileReference; lastKnownFileType = sourcecode.swift; path = CategorySong.swift; sourceTree = "<group>"; };
		10B63E7428F746D4000A178D /* TableViewPresenter.swift */ = {isa = PBXFileReference; lastKnownFileType = sourcecode.swift; path = TableViewPresenter.swift; sourceTree = "<group>"; };
		14EE2BE8A61C3FDFC487F34E /* Pods-SongsTable.release.xcconfig */ = {isa = PBXFileReference; includeInIndex = 1; lastKnownFileType = text.xcconfig; name = "Pods-SongsTable.release.xcconfig"; path = "Target Support Files/Pods-SongsTable/Pods-SongsTable.release.xcconfig"; sourceTree = "<group>"; };
		1E9BE1ECE181078663CB84A4 /* Pods-SongsTable.debug.xcconfig */ = {isa = PBXFileReference; includeInIndex = 1; lastKnownFileType = text.xcconfig; name = "Pods-SongsTable.debug.xcconfig"; path = "Target Support Files/Pods-SongsTable/Pods-SongsTable.debug.xcconfig"; sourceTree = "<group>"; };
		3152F95119695E67CF4B8F71 /* Pods_SongsTable.framework */ = {isa = PBXFileReference; explicitFileType = wrapper.framework; includeInIndex = 0; path = Pods_SongsTable.framework; sourceTree = BUILT_PRODUCTS_DIR; };
		333116EA28F871B300CC415A /* AddViewController.swift */ = {isa = PBXFileReference; lastKnownFileType = sourcecode.swift; path = AddViewController.swift; sourceTree = "<group>"; };
		333116EC28F8846000CC415A /* AddSongPresenter.swift */ = {isa = PBXFileReference; lastKnownFileType = sourcecode.swift; path = AddSongPresenter.swift; sourceTree = "<group>"; };
		3386631028F09EAD0001E041 /* DetailViewController.swift */ = {isa = PBXFileReference; lastKnownFileType = sourcecode.swift; path = DetailViewController.swift; sourceTree = "<group>"; };
		33AAAFB428EF3AD400B3E883 /* SongsTable.app */ = {isa = PBXFileReference; explicitFileType = wrapper.application; includeInIndex = 0; path = SongsTable.app; sourceTree = BUILT_PRODUCTS_DIR; };
		33AAAFB728EF3AD400B3E883 /* AppDelegate.swift */ = {isa = PBXFileReference; lastKnownFileType = sourcecode.swift; path = AppDelegate.swift; sourceTree = "<group>"; };
		33AAAFB928EF3AD400B3E883 /* SceneDelegate.swift */ = {isa = PBXFileReference; lastKnownFileType = sourcecode.swift; path = SceneDelegate.swift; sourceTree = "<group>"; };
		33AAAFBE28EF3AD400B3E883 /* Base */ = {isa = PBXFileReference; lastKnownFileType = file.storyboard; name = Base; path = Base.lproj/Main.storyboard; sourceTree = "<group>"; };
		33AAAFC028EF3AD600B3E883 /* Assets.xcassets */ = {isa = PBXFileReference; lastKnownFileType = folder.assetcatalog; path = Assets.xcassets; sourceTree = "<group>"; };
		33AAAFC328EF3AD600B3E883 /* Base */ = {isa = PBXFileReference; lastKnownFileType = file.storyboard; name = Base; path = Base.lproj/LaunchScreen.storyboard; sourceTree = "<group>"; };
		33AAAFC528EF3AD600B3E883 /* Info.plist */ = {isa = PBXFileReference; lastKnownFileType = text.plist.xml; path = Info.plist; sourceTree = "<group>"; };
		33AAAFD328EF422200B3E883 /* SongCell.swift */ = {isa = PBXFileReference; lastKnownFileType = sourcecode.swift; path = SongCell.swift; sourceTree = "<group>"; };
		33AAAFD728EF424600B3E883 /* Song.swift */ = {isa = PBXFileReference; lastKnownFileType = sourcecode.swift; path = Song.swift; sourceTree = "<group>"; };
		33AAAFD928EF43D700B3E883 /* SongTableViewController.swift */ = {isa = PBXFileReference; lastKnownFileType = sourcecode.swift; path = SongTableViewController.swift; sourceTree = "<group>"; };
/* End PBXFileReference section */

/* Begin PBXFrameworksBuildPhase section */
		33AAAFB128EF3AD400B3E883 /* Frameworks */ = {
			isa = PBXFrameworksBuildPhase;
			buildActionMask = 2147483647;
			files = (
				2D86B3B994A8FAC0DF57A14E /* Pods_SongsTable.framework in Frameworks */,
			);
			runOnlyForDeploymentPostprocessing = 0;
		};
/* End PBXFrameworksBuildPhase section */

/* Begin PBXGroup section */
		100CFF8D28F6E42400B765B7 /* view */ = {
			isa = PBXGroup;
			children = (
				33AAAFD928EF43D700B3E883 /* SongTableViewController.swift */,
				33AAAFD328EF422200B3E883 /* SongCell.swift */,
				3386631028F09EAD0001E041 /* DetailViewController.swift */,
				333116EA28F871B300CC415A /* AddViewController.swift */,
			);
			path = view;
			sourceTree = "<group>";
		};
		10B63E7328F746BD000A178D /* presenter */ = {
			isa = PBXGroup;
			children = (
				10B63E7428F746D4000A178D /* TableViewPresenter.swift */,
				101D24A928F8133600B62A89 /* DetailPresenter.swift */,
				333116EC28F8846000CC415A /* AddSongPresenter.swift */,
			);
			path = presenter;
			sourceTree = "<group>";
		};
		336D473B28F5E0C500F5CEAC /* model */ = {
			isa = PBXGroup;
			children = (
				33AAAFD728EF424600B3E883 /* Song.swift */,
				101D24AB28F819E500B62A89 /* PickerViewData.swift */,
				101D24AD28F81A0300B62A89 /* SongService.swift */,
				101D24AF28F81A2C00B62A89 /* CategorySong.swift */,
			);
			path = model;
			sourceTree = "<group>";
		};
		33AAAFAB28EF3AD400B3E883 = {
			isa = PBXGroup;
			children = (
				33AAAFB628EF3AD400B3E883 /* SongsTable */,
				33AAAFB528EF3AD400B3E883 /* Products */,
				A6906655EFC32BE3A65DAA40 /* Pods */,
				FC9DBE788A5FB573347A779E /* Frameworks */,
			);
			sourceTree = "<group>";
		};
		33AAAFB528EF3AD400B3E883 /* Products */ = {
			isa = PBXGroup;
			children = (
				33AAAFB428EF3AD400B3E883 /* SongsTable.app */,
			);
			name = Products;
			sourceTree = "<group>";
		};
		33AAAFB628EF3AD400B3E883 /* SongsTable */ = {
			isa = PBXGroup;
			children = (
				336D473B28F5E0C500F5CEAC /* model */,
				100CFF8D28F6E42400B765B7 /* view */,
				10B63E7328F746BD000A178D /* presenter */,
				33AAAFB728EF3AD400B3E883 /* AppDelegate.swift */,
				33AAAFB928EF3AD400B3E883 /* SceneDelegate.swift */,
				33AAAFBD28EF3AD400B3E883 /* Main.storyboard */,
				33AAAFC028EF3AD600B3E883 /* Assets.xcassets */,
				33AAAFC228EF3AD600B3E883 /* LaunchScreen.storyboard */,
				33AAAFC528EF3AD600B3E883 /* Info.plist */,
			);
			path = SongsTable;
			sourceTree = "<group>";
		};
		A6906655EFC32BE3A65DAA40 /* Pods */ = {
			isa = PBXGroup;
			children = (
				1E9BE1ECE181078663CB84A4 /* Pods-SongsTable.debug.xcconfig */,
				14EE2BE8A61C3FDFC487F34E /* Pods-SongsTable.release.xcconfig */,
			);
			name = Pods;
			path = Pods;
			sourceTree = "<group>";
		};
		FC9DBE788A5FB573347A779E /* Frameworks */ = {
			isa = PBXGroup;
			children = (
				3152F95119695E67CF4B8F71 /* Pods_SongsTable.framework */,
			);
			name = Frameworks;
			sourceTree = "<group>";
		};
/* End PBXGroup section */

/* Begin PBXNativeTarget section */
		33AAAFB328EF3AD400B3E883 /* SongsTable */ = {
			isa = PBXNativeTarget;
			buildConfigurationList = 33AAAFC828EF3AD600B3E883 /* Build configuration list for PBXNativeTarget "SongsTable" */;
			buildPhases = (
				0EB42C8F744256E85A16270B /* [CP] Check Pods Manifest.lock */,
				33AAAFB028EF3AD400B3E883 /* Sources */,
				33AAAFB128EF3AD400B3E883 /* Frameworks */,
				33AAAFB228EF3AD400B3E883 /* Resources */,
				BB57BBBA2888ABAC7C14117B /* [CP] Embed Pods Frameworks */,
			);
			buildRules = (
			);
			dependencies = (
			);
			name = SongsTable;
			productName = SongsTable;
			productReference = 33AAAFB428EF3AD400B3E883 /* SongsTable.app */;
			productType = "com.apple.product-type.application";
		};
/* End PBXNativeTarget section */

/* Begin PBXProject section */
		33AAAFAC28EF3AD400B3E883 /* Project object */ = {
			isa = PBXProject;
			attributes = {
				BuildIndependentTargetsInParallel = 1;
				LastSwiftUpdateCheck = 1340;
				LastUpgradeCheck = 1340;
				TargetAttributes = {
					33AAAFB328EF3AD400B3E883 = {
						CreatedOnToolsVersion = 13.4.1;
					};
				};
			};
			buildConfigurationList = 33AAAFAF28EF3AD400B3E883 /* Build configuration list for PBXProject "SongsTable" */;
			compatibilityVersion = "Xcode 13.0";
			developmentRegion = en;
			hasScannedForEncodings = 0;
			knownRegions = (
				en,
				Base,
			);
			mainGroup = 33AAAFAB28EF3AD400B3E883;
			productRefGroup = 33AAAFB528EF3AD400B3E883 /* Products */;
			projectDirPath = "";
			projectRoot = "";
			targets = (
				33AAAFB328EF3AD400B3E883 /* SongsTable */,
			);
		};
/* End PBXProject section */

/* Begin PBXResourcesBuildPhase section */
		33AAAFB228EF3AD400B3E883 /* Resources */ = {
			isa = PBXResourcesBuildPhase;
			buildActionMask = 2147483647;
			files = (
				33AAAFC428EF3AD600B3E883 /* LaunchScreen.storyboard in Resources */,
				33AAAFC128EF3AD600B3E883 /* Assets.xcassets in Resources */,
				33AAAFBF28EF3AD400B3E883 /* Main.storyboard in Resources */,
			);
			runOnlyForDeploymentPostprocessing = 0;
		};
/* End PBXResourcesBuildPhase section */

/* Begin PBXShellScriptBuildPhase section */
		0EB42C8F744256E85A16270B /* [CP] Check Pods Manifest.lock */ = {
			isa = PBXShellScriptBuildPhase;
			buildActionMask = 2147483647;
			files = (
			);
			inputFileListPaths = (
			);
			inputPaths = (
				"${PODS_PODFILE_DIR_PATH}/Podfile.lock",
				"${PODS_ROOT}/Manifest.lock",
			);
			name = "[CP] Check Pods Manifest.lock";
			outputFileListPaths = (
			);
			outputPaths = (
				"$(DERIVED_FILE_DIR)/Pods-SongsTable-checkManifestLockResult.txt",
			);
			runOnlyForDeploymentPostprocessing = 0;
			shellPath = /bin/sh;
			shellScript = "diff \"${PODS_PODFILE_DIR_PATH}/Podfile.lock\" \"${PODS_ROOT}/Manifest.lock\" > /dev/null\nif [ $? != 0 ] ; then\n    # print error to STDERR\n    echo \"error: The sandbox is not in sync with the Podfile.lock. Run 'pod install' or update your CocoaPods installation.\" >&2\n    exit 1\nfi\n# This output is used by Xcode 'outputs' to avoid re-running this script phase.\necho \"SUCCESS\" > \"${SCRIPT_OUTPUT_FILE_0}\"\n";
			showEnvVarsInLog = 0;
		};
		BB57BBBA2888ABAC7C14117B /* [CP] Embed Pods Frameworks */ = {
			isa = PBXShellScriptBuildPhase;
			buildActionMask = 2147483647;
			files = (
			);
			inputFileListPaths = (
				"${PODS_ROOT}/Target Support Files/Pods-SongsTable/Pods-SongsTable-frameworks-${CONFIGURATION}-input-files.xcfilelist",
			);
			name = "[CP] Embed Pods Frameworks";
			outputFileListPaths = (
				"${PODS_ROOT}/Target Support Files/Pods-SongsTable/Pods-SongsTable-frameworks-${CONFIGURATION}-output-files.xcfilelist",
			);
			runOnlyForDeploymentPostprocessing = 0;
			shellPath = /bin/sh;
			shellScript = "\"${PODS_ROOT}/Target Support Files/Pods-SongsTable/Pods-SongsTable-frameworks.sh\"\n";
			showEnvVarsInLog = 0;
		};
/* End PBXShellScriptBuildPhase section */

/* Begin PBXSourcesBuildPhase section */
		33AAAFB028EF3AD400B3E883 /* Sources */ = {
			isa = PBXSourcesBuildPhase;
			buildActionMask = 2147483647;
			files = (
				101D24AE28F81A0300B62A89 /* SongService.swift in Sources */,
				33AAAFD828EF424600B3E883 /* Song.swift in Sources */,
				333116EB28F871B300CC415A /* AddViewController.swift in Sources */,
				101D24B028F81A2C00B62A89 /* CategorySong.swift in Sources */,
				3386631128F09EAD0001E041 /* DetailViewController.swift in Sources */,
				33AAAFDA28EF43D700B3E883 /* SongTableViewController.swift in Sources */,
				101D24AC28F819E500B62A89 /* PickerViewData.swift in Sources */,
				101D24AA28F8133600B62A89 /* DetailPresenter.swift in Sources */,
				333116ED28F8846000CC415A /* AddSongPresenter.swift in Sources */,
				33AAAFD428EF422200B3E883 /* SongCell.swift in Sources */,
				33AAAFB828EF3AD400B3E883 /* AppDelegate.swift in Sources */,
				10B63E7528F746D4000A178D /* TableViewPresenter.swift in Sources */,
				33AAAFBA28EF3AD400B3E883 /* SceneDelegate.swift in Sources */,
			);
			runOnlyForDeploymentPostprocessing = 0;
		};
/* End PBXSourcesBuildPhase section */

/* Begin PBXVariantGroup section */
		33AAAFBD28EF3AD400B3E883 /* Main.storyboard */ = {
			isa = PBXVariantGroup;
			children = (
				33AAAFBE28EF3AD400B3E883 /* Base */,
			);
			name = Main.storyboard;
			sourceTree = "<group>";
		};
		33AAAFC228EF3AD600B3E883 /* LaunchScreen.storyboard */ = {
			isa = PBXVariantGroup;
			children = (
				33AAAFC328EF3AD600B3E883 /* Base */,
			);
			name = LaunchScreen.storyboard;
			sourceTree = "<group>";
		};
/* End PBXVariantGroup section */

/* Begin XCBuildConfiguration section */
		33AAAFC628EF3AD600B3E883 /* Debug */ = {
			isa = XCBuildConfiguration;
			buildSettings = {
				ALWAYS_SEARCH_USER_PATHS = NO;
				CLANG_ANALYZER_NONNULL = YES;
				CLANG_ANALYZER_NUMBER_OBJECT_CONVERSION = YES_AGGRESSIVE;
				CLANG_CXX_LANGUAGE_STANDARD = "gnu++17";
				CLANG_ENABLE_MODULES = YES;
				CLANG_ENABLE_OBJC_ARC = YES;
				CLANG_ENABLE_OBJC_WEAK = YES;
				CLANG_WARN_BLOCK_CAPTURE_AUTORELEASING = YES;
				CLANG_WARN_BOOL_CONVERSION = YES;
				CLANG_WARN_COMMA = YES;
				CLANG_WARN_CONSTANT_CONVERSION = YES;
				CLANG_WARN_DEPRECATED_OBJC_IMPLEMENTATIONS = YES;
				CLANG_WARN_DIRECT_OBJC_ISA_USAGE = YES_ERROR;
				CLANG_WARN_DOCUMENTATION_COMMENTS = YES;
				CLANG_WARN_EMPTY_BODY = YES;
				CLANG_WARN_ENUM_CONVERSION = YES;
				CLANG_WARN_INFINITE_RECURSION = YES;
				CLANG_WARN_INT_CONVERSION = YES;
				CLANG_WARN_NON_LITERAL_NULL_CONVERSION = YES;
				CLANG_WARN_OBJC_IMPLICIT_RETAIN_SELF = YES;
				CLANG_WARN_OBJC_LITERAL_CONVERSION = YES;
				CLANG_WARN_OBJC_ROOT_CLASS = YES_ERROR;
				CLANG_WARN_QUOTED_INCLUDE_IN_FRAMEWORK_HEADER = YES;
				CLANG_WARN_RANGE_LOOP_ANALYSIS = YES;
				CLANG_WARN_STRICT_PROTOTYPES = YES;
				CLANG_WARN_SUSPICIOUS_MOVE = YES;
				CLANG_WARN_UNGUARDED_AVAILABILITY = YES_AGGRESSIVE;
				CLANG_WARN_UNREACHABLE_CODE = YES;
				CLANG_WARN__DUPLICATE_METHOD_MATCH = YES;
				COPY_PHASE_STRIP = NO;
				DEBUG_INFORMATION_FORMAT = dwarf;
				ENABLE_STRICT_OBJC_MSGSEND = YES;
				ENABLE_TESTABILITY = YES;
				GCC_C_LANGUAGE_STANDARD = gnu11;
				GCC_DYNAMIC_NO_PIC = NO;
				GCC_NO_COMMON_BLOCKS = YES;
				GCC_OPTIMIZATION_LEVEL = 0;
				GCC_PREPROCESSOR_DEFINITIONS = (
					"DEBUG=1",
					"$(inherited)",
				);
				GCC_WARN_64_TO_32_BIT_CONVERSION = YES;
				GCC_WARN_ABOUT_RETURN_TYPE = YES_ERROR;
				GCC_WARN_UNDECLARED_SELECTOR = YES;
				GCC_WARN_UNINITIALIZED_AUTOS = YES_AGGRESSIVE;
				GCC_WARN_UNUSED_FUNCTION = YES;
				GCC_WARN_UNUSED_VARIABLE = YES;
				IPHONEOS_DEPLOYMENT_TARGET = 15.5;
				MTL_ENABLE_DEBUG_INFO = INCLUDE_SOURCE;
				MTL_FAST_MATH = YES;
				ONLY_ACTIVE_ARCH = YES;
				SDKROOT = iphoneos;
				SWIFT_ACTIVE_COMPILATION_CONDITIONS = DEBUG;
				SWIFT_OPTIMIZATION_LEVEL = "-Onone";
			};
			name = Debug;
		};
		33AAAFC728EF3AD600B3E883 /* Release */ = {
			isa = XCBuildConfiguration;
			buildSettings = {
				ALWAYS_SEARCH_USER_PATHS = NO;
				CLANG_ANALYZER_NONNULL = YES;
				CLANG_ANALYZER_NUMBER_OBJECT_CONVERSION = YES_AGGRESSIVE;
				CLANG_CXX_LANGUAGE_STANDARD = "gnu++17";
				CLANG_ENABLE_MODULES = YES;
				CLANG_ENABLE_OBJC_ARC = YES;
				CLANG_ENABLE_OBJC_WEAK = YES;
				CLANG_WARN_BLOCK_CAPTURE_AUTORELEASING = YES;
				CLANG_WARN_BOOL_CONVERSION = YES;
				CLANG_WARN_COMMA = YES;
				CLANG_WARN_CONSTANT_CONVERSION = YES;
				CLANG_WARN_DEPRECATED_OBJC_IMPLEMENTATIONS = YES;
				CLANG_WARN_DIRECT_OBJC_ISA_USAGE = YES_ERROR;
				CLANG_WARN_DOCUMENTATION_COMMENTS = YES;
				CLANG_WARN_EMPTY_BODY = YES;
				CLANG_WARN_ENUM_CONVERSION = YES;
				CLANG_WARN_INFINITE_RECURSION = YES;
				CLANG_WARN_INT_CONVERSION = YES;
				CLANG_WARN_NON_LITERAL_NULL_CONVERSION = YES;
				CLANG_WARN_OBJC_IMPLICIT_RETAIN_SELF = YES;
				CLANG_WARN_OBJC_LITERAL_CONVERSION = YES;
				CLANG_WARN_OBJC_ROOT_CLASS = YES_ERROR;
				CLANG_WARN_QUOTED_INCLUDE_IN_FRAMEWORK_HEADER = YES;
				CLANG_WARN_RANGE_LOOP_ANALYSIS = YES;
				CLANG_WARN_STRICT_PROTOTYPES = YES;
				CLANG_WARN_SUSPICIOUS_MOVE = YES;
				CLANG_WARN_UNGUARDED_AVAILABILITY = YES_AGGRESSIVE;
				CLANG_WARN_UNREACHABLE_CODE = YES;
				CLANG_WARN__DUPLICATE_METHOD_MATCH = YES;
				COPY_PHASE_STRIP = NO;
				DEBUG_INFORMATION_FORMAT = "dwarf-with-dsym";
				ENABLE_NS_ASSERTIONS = NO;
				ENABLE_STRICT_OBJC_MSGSEND = YES;
				GCC_C_LANGUAGE_STANDARD = gnu11;
				GCC_NO_COMMON_BLOCKS = YES;
				GCC_WARN_64_TO_32_BIT_CONVERSION = YES;
				GCC_WARN_ABOUT_RETURN_TYPE = YES_ERROR;
				GCC_WARN_UNDECLARED_SELECTOR = YES;
				GCC_WARN_UNINITIALIZED_AUTOS = YES_AGGRESSIVE;
				GCC_WARN_UNUSED_FUNCTION = YES;
				GCC_WARN_UNUSED_VARIABLE = YES;
				IPHONEOS_DEPLOYMENT_TARGET = 15.5;
				MTL_ENABLE_DEBUG_INFO = NO;
				MTL_FAST_MATH = YES;
				SDKROOT = iphoneos;
				SWIFT_COMPILATION_MODE = wholemodule;
				SWIFT_OPTIMIZATION_LEVEL = "-O";
				VALIDATE_PRODUCT = YES;
			};
			name = Release;
		};
		33AAAFC928EF3AD600B3E883 /* Debug */ = {
			isa = XCBuildConfiguration;
			baseConfigurationReference = 1E9BE1ECE181078663CB84A4 /* Pods-SongsTable.debug.xcconfig */;
			buildSettings = {
				ASSETCATALOG_COMPILER_APPICON_NAME = AppIcon;
				ASSETCATALOG_COMPILER_GLOBAL_ACCENT_COLOR_NAME = AccentColor;
				CODE_SIGN_STYLE = Automatic;
				CURRENT_PROJECT_VERSION = 1;
				DEVELOPMENT_TEAM = 4LP75YDTX4;
				GENERATE_INFOPLIST_FILE = YES;
				INFOPLIST_FILE = SongsTable/Info.plist;
				INFOPLIST_KEY_UIApplicationSupportsIndirectInputEvents = YES;
				INFOPLIST_KEY_UILaunchStoryboardName = LaunchScreen;
				INFOPLIST_KEY_UIMainStoryboardFile = Main;
				INFOPLIST_KEY_UISupportedInterfaceOrientations_iPad = "UIInterfaceOrientationPortrait UIInterfaceOrientationPortraitUpsideDown UIInterfaceOrientationLandscapeLeft UIInterfaceOrientationLandscapeRight";
				INFOPLIST_KEY_UISupportedInterfaceOrientations_iPhone = "UIInterfaceOrientationPortrait UIInterfaceOrientationLandscapeLeft UIInterfaceOrientationLandscapeRight";
				LD_RUNPATH_SEARCH_PATHS = (
					"$(inherited)",
					"@executable_path/Frameworks",
				);
				MARKETING_VERSION = 1.0;
				PRODUCT_BUNDLE_IDENTIFIER = andrew.SongsTable;
				PRODUCT_NAME = "$(TARGET_NAME)";
				SWIFT_EMIT_LOC_STRINGS = YES;
				SWIFT_VERSION = 5.0;
				TARGETED_DEVICE_FAMILY = "1,2";
			};
			name = Debug;
		};
		33AAAFCA28EF3AD600B3E883 /* Release */ = {
			isa = XCBuildConfiguration;
			baseConfigurationReference = 14EE2BE8A61C3FDFC487F34E /* Pods-SongsTable.release.xcconfig */;
			buildSettings = {
				ASSETCATALOG_COMPILER_APPICON_NAME = AppIcon;
				ASSETCATALOG_COMPILER_GLOBAL_ACCENT_COLOR_NAME = AccentColor;
				CODE_SIGN_STYLE = Automatic;
				CURRENT_PROJECT_VERSION = 1;
				DEVELOPMENT_TEAM = 4LP75YDTX4;
				GENERATE_INFOPLIST_FILE = YES;
				INFOPLIST_FILE = SongsTable/Info.plist;
				INFOPLIST_KEY_UIApplicationSupportsIndirectInputEvents = YES;
				INFOPLIST_KEY_UILaunchStoryboardName = LaunchScreen;
				INFOPLIST_KEY_UIMainStoryboardFile = Main;
				INFOPLIST_KEY_UISupportedInterfaceOrientations_iPad = "UIInterfaceOrientationPortrait UIInterfaceOrientationPortraitUpsideDown UIInterfaceOrientationLandscapeLeft UIInterfaceOrientationLandscapeRight";
				INFOPLIST_KEY_UISupportedInterfaceOrientations_iPhone = "UIInterfaceOrientationPortrait UIInterfaceOrientationLandscapeLeft UIInterfaceOrientationLandscapeRight";
				LD_RUNPATH_SEARCH_PATHS = (
					"$(inherited)",
					"@executable_path/Frameworks",
				);
				MARKETING_VERSION = 1.0;
				PRODUCT_BUNDLE_IDENTIFIER = andrew.SongsTable;
				PRODUCT_NAME = "$(TARGET_NAME)";
				SWIFT_EMIT_LOC_STRINGS = YES;
				SWIFT_VERSION = 5.0;
				TARGETED_DEVICE_FAMILY = "1,2";
			};
			name = Release;
		};
/* End XCBuildConfiguration section */

/* Begin XCConfigurationList section */
		33AAAFAF28EF3AD400B3E883 /* Build configuration list for PBXProject "SongsTable" */ = {
			isa = XCConfigurationList;
			buildConfigurations = (
				33AAAFC628EF3AD600B3E883 /* Debug */,
				33AAAFC728EF3AD600B3E883 /* Release */,
			);
			defaultConfigurationIsVisible = 0;
			defaultConfigurationName = Release;
		};
		33AAAFC828EF3AD600B3E883 /* Build configuration list for PBXNativeTarget "SongsTable" */ = {
			isa = XCConfigurationList;
			buildConfigurations = (
				33AAAFC928EF3AD600B3E883 /* Debug */,
				33AAAFCA28EF3AD600B3E883 /* Release */,
			);
			defaultConfigurationIsVisible = 0;
			defaultConfigurationName = Release;
		};
/* End XCConfigurationList section */
	};
	rootObject = 33AAAFAC28EF3AD400B3E883 /* Project object */;
}
